
Microsoft Visual Studio Solution File, Format Version 12.00
# Visual Studio 15
Project("{FAE04EC0-301F-11D3-BF4B-00C04F79EFBC}") = "Tentativa de GTA", "Assembly-CSharp.csproj", "{D33E9F7D-F530-37C6-8EB2-8BFB0BD70989}"
EndProject
Project("{FAE04EC0-301F-11D3-BF4B-00C04F79EFBC}") = "Tentativa de GTA", "Assembly-CSharp-firstpass.csproj", "{22B7134D-451C-4423-947B-6039F8EE28A5}"
EndProject
Project("{FAE04EC0-301F-11D3-BF4B-00C04F79EFBC}") = "Tentativa de GTA", "Assembly-CSharp-Editor-firstpass.csproj", "{3BA2503A-6C33-C10D-E492-C70201B679E4}"
EndProject
Global
	GlobalSection(SolutionConfigurationPlatforms) = preSolution
		Debug|Any CPU = Debug|Any CPU
		Release|Any CPU = Release|Any CPU
	EndGlobalSection
	GlobalSection(ProjectConfigurationPlatforms) = postSolution
		{D33E9F7D-F530-37C6-8EB2-8BFB0BD70989}.Debug|Any CPU.ActiveCfg = Debug|Any CPU
		{D33E9F7D-F530-37C6-8EB2-8BFB0BD70989}.Debug|Any CPU.Build.0 = Debug|Any CPU
		{D33E9F7D-F530-37C6-8EB2-8BFB0BD70989}.Release|Any CPU.ActiveCfg = Release|Any CPU
		{D33E9F7D-F530-37C6-8EB2-8BFB0BD70989}.Release|Any CPU.Build.0 = Release|Any CPU
		{22B7134D-451C-4423-947B-6039F8EE28A5}.Debug|Any CPU.ActiveCfg = Debug|Any CPU
		{22B7134D-451C-4423-947B-6039F8EE28A5}.Debug|Any CPU.Build.0 = Debug|Any CPU
		{22B7134D-451C-4423-947B-6039F8EE28A5}.Release|Any CPU.ActiveCfg = Release|Any CPU
		{22B7134D-451C-4423-947B-6039F8EE28A5}.Release|Any CPU.Build.0 = Release|Any CPU
		{3BA2503A-6C33-C10D-E492-C70201B679E4}.Debug|Any CPU.ActiveCfg = Debug|Any CPU
		{3BA2503A-6C33-C10D-E492-C70201B679E4}.Debug|Any CPU.Build.0 = Debug|Any CPU
		{3BA2503A-6C33-C10D-E492-C70201B679E4}.Release|Any CPU.ActiveCfg = Release|Any CPU
		{3BA2503A-6C33-C10D-E492-C70201B679E4}.Release|Any CPU.Build.0 = Release|Any CPU
	EndGlobalSection
	GlobalSection(SolutionProperties) = preSolution
		HideSolutionNode = FALSE
	EndGlobalSection
EndGlobal
